
Microsoft Visual Studio Solution File, Format Version 12.00
# Visual Studio Version 17
VisualStudioVersion = 17.3.32825.248
MinimumVisualStudioVersion = 10.0.40219.1
Project("{9A19103F-16F7-4668-BE54-9A1E7A4F7556}") = "School", "School.csproj", "{3B328032-CC10-415E-BFE5-9D15EB047BB2}"
EndProject
Global
	GlobalSection(SolutionConfigurationPlatforms) = preSolution
		Debug|Any CPU = Debug|Any CPU
		Release|Any CPU = Release|Any CPU
	EndGlobalSection
	GlobalSection(ProjectConfigurationPlatforms) = postSolution
		{3B328032-CC10-415E-BFE5-9D15EB047BB2}.Debug|Any CPU.ActiveCfg = Debug|Any CPU
		{3B328032-CC10-415E-BFE5-9D15EB047BB2}.Debug|Any CPU.Build.0 = Debug|Any CPU
		{3B328032-CC10-415E-BFE5-9D15EB047BB2}.Release|Any CPU.ActiveCfg = Release|Any CPU
		{3B328032-CC10-415E-BFE5-9D15EB047BB2}.Release|Any CPU.Build.0 = Release|Any CPU
	EndGlobalSection
	GlobalSection(SolutionProperties) = preSolution
		HideSolutionNode = FALSE
	EndGlobalSection
	GlobalSection(ExtensibilityGlobals) = postSolution
		SolutionGuid = {BA6D9D02-1C8D-454F-BF83-925928427003}
	EndGlobalSection
EndGlobal
